
Microsoft Visual Studio Solution File, Format Version 12.00
# Visual Studio Version 16
VisualStudioVersion = 16.0.30503.244
MinimumVisualStudioVersion = 10.0.40219.1
Project("{FAE04EC0-301F-11D3-BF4B-00C04F79EFBC}") = "Asyncronaut", "Asyncronaut\Asyncronaut.csproj", "{F50B1F6E-489D-49BE-9FE1-D92920535A88}"
EndProject
Global
	GlobalSection(SolutionConfigurationPlatforms) = preSolution
		Debug|Any CPU = Debug|Any CPU
		Release|Any CPU = Release|Any CPU
	EndGlobalSection
	GlobalSection(ProjectConfigurationPlatforms) = postSolution
		{F50B1F6E-489D-49BE-9FE1-D92920535A88}.Debug|Any CPU.ActiveCfg = Debug|Any CPU
		{F50B1F6E-489D-49BE-9FE1-D92920535A88}.Debug|Any CPU.Build.0 = Debug|Any CPU
		{F50B1F6E-489D-49BE-9FE1-D92920535A88}.Release|Any CPU.ActiveCfg = Release|Any CPU
		{F50B1F6E-489D-49BE-9FE1-D92920535A88}.Release|Any CPU.Build.0 = Release|Any CPU
	EndGlobalSection
	GlobalSection(SolutionProperties) = preSolution
		HideSolutionNode = FALSE
	EndGlobalSection
	GlobalSection(ExtensibilityGlobals) = postSolution
		SolutionGuid = {0EDFB48F-218C-4995-99B8-9CDA405AA986}
	EndGlobalSection
EndGlobal
